// !$*UTF8*$!
{
	archiveVersion = 1;
	classes = {
	};
	objectVersion = 46;
	objects = {

/* Begin PBXBuildFile section */
		91ECE34315B6F62800709C10 /* UIKit.framework in Frameworks */ = {isa = PBXBuildFile; fileRef = 91ECE34215B6F62800709C10 /* UIKit.framework */; };
		91ECE34515B6F62800709C10 /* Foundation.framework in Frameworks */ = {isa = PBXBuildFile; fileRef = 91ECE34415B6F62800709C10 /* Foundation.framework */; };
		91ECE34715B6F62800709C10 /* CoreGraphics.framework in Frameworks */ = {isa = PBXBuildFile; fileRef = 91ECE34615B6F62800709C10 /* CoreGraphics.framework */; };
		91ECE34D15B6F62800709C10 /* InfoPlist.strings in Resources */ = {isa = PBXBuildFile; fileRef = 91ECE34B15B6F62800709C10 /* InfoPlist.strings */; };
		91ECE34F15B6F62800709C10 /* main.m in Sources */ = {isa = PBXBuildFile; fileRef = 91ECE34E15B6F62800709C10 /* main.m */; };
		91ECE35315B6F62800709C10 /* AppDelegate.m in Sources */ = {isa = PBXBuildFile; fileRef = 91ECE35215B6F62800709C10 /* AppDelegate.m */; };
		91ECE35615B6F62800709C10 /* ViewController.m in Sources */ = {isa = PBXBuildFile; fileRef = 91ECE35515B6F62800709C10 /* ViewController.m */; };
		91ECE35915B6F62800709C10 /* ViewController.xib in Resources */ = {isa = PBXBuildFile; fileRef = 91ECE35715B6F62800709C10 /* ViewController.xib */; };
/* End PBXBuildFile section */

/* Begin PBXFileReference section */
		91ECE33E15B6F62800709C10 /* Maps.app */ = {isa = PBXFileReference; explicitFileType = wrapper.application; includeInIndex = 0; path = Maps.app; sourceTree = BUILT_PRODUCTS_DIR; };
		91ECE34215B6F62800709C10 /* UIKit.framework */ = {isa = PBXFileReference; lastKnownFileType = wrapper.framework; name = UIKit.framework; path = System/Library/Frameworks/UIKit.framework; sourceTree = SDKROOT; };
		91ECE34415B6F62800709C10 /* Foundation.framework */ = {isa = PBXFileReference; lastKnownFileType = wrapper.framework; name = Foundation.framework; path = System/Library/Frameworks/Foundation.framework; sourceTree = SDKROOT; };
		91ECE34615B6F62800709C10 /* CoreGraphics.framework */ = {isa = PBXFileReference; lastKnownFileType = wrapper.framework; name = CoreGraphics.framework; path = System/Library/Frameworks/CoreGraphics.framework; sourceTree = SDKROOT; };
		91ECE34A15B6F62800709C10 /* Maps-Info.plist */ = {isa = PBXFileReference; path = "Maps-Info.plist"; sourceTree = "<group>"; };
		91ECE34C15B6F62800709C10 /* en */ = {isa = PBXFileReference; lastKnownFileType = text.plist.strings; name = en; path = en.lproj/InfoPlist.strings; sourceTree = "<group>"; };
		91ECE34E15B6F62800709C10 /* main.m */ = {isa = PBXFileReference; lastKnownFileType = sourcecode.c.objc; path = main.m; sourceTree = "<group>"; };
		91ECE35015B6F62800709C10 /* Maps-Prefix.pch */ = {isa = PBXFileReference; path = "Maps-Prefix.pch"; sourceTree = "<group>"; };
		91ECE35115B6F62800709C10 /* AppDelegate.h */ = {isa = PBXFileReference; path = AppDelegate.h; sourceTree = "<group>"; };
		91ECE35215B6F62800709C10 /* AppDelegate.m */ = {isa = PBXFileReference; lastKnownFileType = sourcecode.c.objc; path = AppDelegate.m; sourceTree = "<group>"; };
		91ECE35415B6F62800709C10 /* ViewController.h */ = {isa = PBXFileReference; path = ViewController.h; sourceTree = "<group>"; };
		91ECE35515B6F62800709C10 /* ViewController.m */ = {isa = PBXFileReference; lastKnownFileType = sourcecode.c.objc; path = ViewController.m; sourceTree = "<group>"; };
		91ECE35815B6F62800709C10 /* en */ = {isa = PBXFileReference; lastKnownFileType = file.xib; name = en; path = en.lproj/ViewController.xib; sourceTree = "<group>"; };
/* End PBXFileReference section */

/* Begin PBXFrameworksBuildPhase section */
		91ECE33B15B6F62800709C10 /* Frameworks */ = {
			isa = PBXFrameworksBuildPhase;
			buildActionMask = 2147483647;
			files = (
				91ECE34315B6F62800709C10 /* UIKit.framework in Frameworks */,
				91ECE34515B6F62800709C10 /* Foundation.framework in Frameworks */,
				91ECE34715B6F62800709C10 /* CoreGraphics.framework in Frameworks */,
			);
			runOnlyForDeploymentPostprocessing = 0;
		};
/* End PBXFrameworksBuildPhase section */

/* Begin PBXGroup section */
		91ECE33315B6F62800709C10 = {
			isa = PBXGroup;
			children = (
				91ECE34815B6F62800709C10 /* Maps */,
				91ECE34115B6F62800709C10 /* Frameworks */,
				91ECE33F15B6F62800709C10 /* Products */,
			);
			sourceTree = "<group>";
		};
		91ECE33F15B6F62800709C10 /* Products */ = {
			isa = PBXGroup;
			children = (
				91ECE33E15B6F62800709C10 /* Maps.app */,
			);
			name = Products;
			sourceTree = "<group>";
		};
		91ECE34115B6F62800709C10 /* Frameworks */ = {
			isa = PBXGroup;
			children = (
				91ECE34215B6F62800709C10 /* UIKit.framework */,
				91ECE34415B6F62800709C10 /* Foundation.framework */,
				91ECE34615B6F62800709C10 /* CoreGraphics.framework */,
			);
			name = Frameworks;
			sourceTree = "<group>";
		};
		91ECE34815B6F62800709C10 /* Maps */ = {
			isa = PBXGroup;
			children = (
				91ECE35115B6F62800709C10 /* AppDelegate.h */,
				91ECE35215B6F62800709C10 /* AppDelegate.m */,
				91ECE35415B6F62800709C10 /* ViewController.h */,
				91ECE35515B6F62800709C10 /* ViewController.m */,
				91ECE35715B6F62800709C10 /* ViewController.xib */,
				91ECE34915B6F62800709C10 /* Supporting Files */,
			);
			path = Maps;
			sourceTree = "<group>";
		};
		91ECE34915B6F62800709C10 /* Supporting Files */ = {
			isa = PBXGroup;
			children = (
				91ECE34A15B6F62800709C10 /* Maps-Info.plist */,
				91ECE34B15B6F62800709C10 /* InfoPlist.strings */,
				91ECE34E15B6F62800709C10 /* main.m */,
				91ECE35015B6F62800709C10 /* Maps-Prefix.pch */,
			);
			name = "Supporting Files";
			sourceTree = "<group>";
		};
/* End PBXGroup section */

/* Begin PBXNativeTarget section */
		91ECE33D15B6F62800709C10 /* Maps */ = {
			isa = PBXNativeTarget;
			buildConfigurationList = 91ECE35C15B6F62800709C10 /* Build configuration list for PBXNativeTarget "Maps" */;
			buildPhases = (
				91ECE33A15B6F62800709C10 /* Sources */,
				91ECE33B15B6F62800709C10 /* Frameworks */,
				91ECE33C15B6F62800709C10 /* Resources */,
			);
			buildRules = (
			);
			dependencies = (
			);
			name = Maps;
			productName = Maps;
			productReference = 91ECE33E15B6F62800709C10 /* Maps.app */;
			productType = "com.apple.product-type.application";
		};
/* End PBXNativeTarget section */

/* Begin PBXProject section */
		91ECE33515B6F62800709C10 /* Project object */ = {
			isa = PBXProject;
			attributes = {
				LastUpgradeCheck = 0420;
			};
			buildConfigurationList = 91ECE33815B6F62800709C10 /* Build configuration list for PBXProject "Maps" */;
			compatibilityVersion = "Xcode 3.2";
			developmentRegion = English;
			hasScannedForEncodings = 0;
			knownRegions = (
				en,
			);
			mainGroup = 91ECE33315B6F62800709C10;
			productRefGroup = 91ECE33F15B6F62800709C10 /* Products */;
			projectDirPath = "";
			projectRoot = "";
			targets = (
				91ECE33D15B6F62800709C10 /* Maps */,
			);
		};
/* End PBXProject section */

/* Begin PBXResourcesBuildPhase section */
		91ECE33C15B6F62800709C10 /* Resources */ = {
			isa = PBXResourcesBuildPhase;
			buildActionMask = 2147483647;
			files = (
				91ECE34D15B6F62800709C10 /* InfoPlist.strings in Resources */,
				91ECE35915B6F62800709C10 /* ViewController.xib in Resources */,
			);
			runOnlyForDeploymentPostprocessing = 0;
		};
/* End PBXResourcesBuildPhase section */

/* Begin PBXSourcesBuildPhase section */
		91ECE33A15B6F62800709C10 /* Sources */ = {
			isa = PBXSourcesBuildPhase;
			buildActionMask = 2147483647;
			files = (
				91ECE34F15B6F62800709C10 /* main.m in Sources */,
				91ECE35315B6F62800709C10 /* AppDelegate.m in Sources */,
				91ECE35615B6F62800709C10 /* ViewController.m in Sources */,
			);
			runOnlyForDeploymentPostprocessing = 0;
		};
/* End PBXSourcesBuildPhase section */

/* Begin PBXVariantGroup section */
		91ECE34B15B6F62800709C10 /* InfoPlist.strings */ = {
			isa = PBXVariantGroup;
			children = (
				91ECE34C15B6F62800709C10 /* en */,
			);
			name = InfoPlist.strings;
			sourceTree = "<group>";
		};
		91ECE35715B6F62800709C10 /* ViewController.xib */ = {
			isa = PBXVariantGroup;
			children = (
				91ECE35815B6F62800709C10 /* en */,
			);
			name = ViewController.xib;
			sourceTree = "<group>";
		};
/* End PBXVariantGroup section */

/* Begin XCBuildConfiguration section */
		91ECE35A15B6F62800709C10 /* Debug */ = {
			isa = XCBuildConfiguration;
			buildSettings = {
				ALWAYS_SEARCH_USER_PATHS = NO;
				ARCHS = "$(ARCHS_STANDARD_32_BIT)";
				CLANG_ENABLE_OBJC_ARC = YES;
				"CODE_SIGN_IDENTITY[sdk=iphoneos*]" = "iPhone Developer";
				COPY_PHASE_STRIP = NO;
				GCC_C_LANGUAGE_STANDARD = gnu99;
				GCC_DYNAMIC_NO_PIC = NO;
				GCC_OPTIMIZATION_LEVEL = 0;
				GCC_PREPROCESSOR_DEFINITIONS = (
					"DEBUG=1",
					"$(inherited)",
				);
				GCC_SYMBOLS_PRIVATE_EXTERN = NO;
				GCC_VERSION = com.apple.compilers.llvm.clang.1_0;
				GCC_WARN_ABOUT_MISSING_PROTOTYPES = YES;
				GCC_WARN_ABOUT_RETURN_TYPE = YES;
				GCC_WARN_UNUSED_VARIABLE = YES;
				IPHONEOS_DEPLOYMENT_TARGET = 5.1;
				SDKROOT = iphoneos;
			};
			name = Debug;
		};
		91ECE35B15B6F62800709C10 /* Release */ = {
			isa = XCBuildConfiguration;
			buildSettings = {
				ALWAYS_SEARCH_USER_PATHS = NO;
				ARCHS = "$(ARCHS_STANDARD_32_BIT)";
				CLANG_ENABLE_OBJC_ARC = YES;
				"CODE_SIGN_IDENTITY[sdk=iphoneos*]" = "iPhone Developer";
				COPY_PHASE_STRIP = YES;
				GCC_C_LANGUAGE_STANDARD = gnu99;
				GCC_VERSION = com.apple.compilers.llvm.clang.1_0;
				GCC_WARN_ABOUT_MISSING_PROTOTYPES = YES;
				GCC_WARN_ABOUT_RETURN_TYPE = YES;
				GCC_WARN_UNUSED_VARIABLE = YES;
				IPHONEOS_DEPLOYMENT_TARGET = 5.1;
				OTHER_CFLAGS = "-DNS_BLOCK_ASSERTIONS=1";
				SDKROOT = iphoneos;
				VALIDATE_PRODUCT = YES;
			};
			name = Release;
		};
		91ECE35D15B6F62800709C10 /* Debug */ = {
			isa = XCBuildConfiguration;
			buildSettings = {
				GCC_PRECOMPILE_PREFIX_HEADER = YES;
				GCC_PREFIX_HEADER = "Maps/Maps-Prefix.pch";
				INFOPLIST_FILE = "Maps/Maps-Info.plist";
				PRODUCT_NAME = "$(TARGET_NAME)";
				WRAPPER_EXTENSION = app;
			};
			name = Debug;
		};
		91ECE35E15B6F62800709C10 /* Release */ = {
			isa = XCBuildConfiguration;
			buildSettings = {
				GCC_PRECOMPILE_PREFIX_HEADER = YES;
				GCC_PREFIX_HEADER = "Maps/Maps-Prefix.pch";
				INFOPLIST_FILE = "Maps/Maps-Info.plist";
				PRODUCT_NAME = "$(TARGET_NAME)";
				WRAPPER_EXTENSION = app;
			};
			name = Release;
		};
/* End XCBuildConfiguration section */

/* Begin XCConfigurationList section */
		91ECE33815B6F62800709C10 /* Build configuration list for PBXProject "Maps" */ = {
			isa = XCConfigurationList;
			buildConfigurations = (
				91ECE35A15B6F62800709C10 /* Debug */,
				91ECE35B15B6F62800709C10 /* Release */,
			);
			defaultConfigurationIsVisible = 0;
			defaultConfigurationName = Release;
		};
		91ECE35C15B6F62800709C10 /* Build configuration list for PBXNativeTarget "Maps" */ = {
			isa = XCConfigurationList;
			buildConfigurations = (
				91ECE35D15B6F62800709C10 /* Debug */,
				91ECE35E15B6F62800709C10 /* Release */,
			);
			defaultConfigurationIsVisible = 0;
		};
/* End XCConfigurationList section */
	};
	rootObject = 91ECE33515B6F62800709C10 /* Project object */;
}
